
Microsoft Visual Studio Solution File, Format Version 12.00
# Visual Studio Version 17
VisualStudioVersion = 17.14.37203.1 d17.14
MinimumVisualStudioVersion = 10.0.40219.1
Project("{FAE04EC0-301F-11D3-BF4B-00C04F79EFBC}") = "MusicPlayerApp", "MusicPlayerApp\MusicPlayerApp.csproj", "{178D9C9A-F991-4B45-8BA7-E5C619E2DF02}"
EndProject
Global
	GlobalSection(SolutionConfigurationPlatforms) = preSolution
		Debug|Any CPU = Debug|Any CPU
		Release|Any CPU = Release|Any CPU
	EndGlobalSection
	GlobalSection(ProjectConfigurationPlatforms) = postSolution
		{178D9C9A-F991-4B45-8BA7-E5C619E2DF02}.Debug|Any CPU.ActiveCfg = Debug|Any CPU
		{178D9C9A-F991-4B45-8BA7-E5C619E2DF02}.Debug|Any CPU.Build.0 = Debug|Any CPU
		{178D9C9A-F991-4B45-8BA7-E5C619E2DF02}.Release|Any CPU.ActiveCfg = Release|Any CPU
		{178D9C9A-F991-4B45-8BA7-E5C619E2DF02}.Release|Any CPU.Build.0 = Release|Any CPU
	EndGlobalSection
	GlobalSection(SolutionProperties) = preSolution
		HideSolutionNode = FALSE
	EndGlobalSection
	GlobalSection(ExtensibilityGlobals) = postSolution
		SolutionGuid = {B8581FB3-E553-413C-A84C-FF5CA4FFDDD6}
	EndGlobalSection
EndGlobal
